// !$*UTF8*$!
{
	archiveVersion = 1;
	classes = {
	};
	objectVersion = 56;
	objects = {

/* Begin PBXBuildFile section */
		3D4D7E202905933E00AAF44B /* AfricaApp.swift in Sources */ = {isa = PBXBuildFile; fileRef = 3D4D7E1F2905933E00AAF44B /* AfricaApp.swift */; };
		3D4D7E222905933E00AAF44B /* ContentView.swift in Sources */ = {isa = PBXBuildFile; fileRef = 3D4D7E212905933E00AAF44B /* ContentView.swift */; };
		3D4D7E242905934000AAF44B /* Assets.xcassets in Resources */ = {isa = PBXBuildFile; fileRef = 3D4D7E232905934000AAF44B /* Assets.xcassets */; };
		3D4D7E272905934000AAF44B /* Preview Assets.xcassets in Resources */ = {isa = PBXBuildFile; fileRef = 3D4D7E262905934000AAF44B /* Preview Assets.xcassets */; };
		3D4D7E38290595E000AAF44B /* hippo.mp4 in Resources */ = {isa = PBXBuildFile; fileRef = 3D4D7E2E290595DE00AAF44B /* hippo.mp4 */; };
		3D4D7E39290595E000AAF44B /* ostrich.mp4 in Resources */ = {isa = PBXBuildFile; fileRef = 3D4D7E2F290595DE00AAF44B /* ostrich.mp4 */; };
		3D4D7E3A290595E000AAF44B /* lioness.mp4 in Resources */ = {isa = PBXBuildFile; fileRef = 3D4D7E30290595DF00AAF44B /* lioness.mp4 */; };
		3D4D7E3B290595E000AAF44B /* giraffe.mp4 in Resources */ = {isa = PBXBuildFile; fileRef = 3D4D7E31290595DF00AAF44B /* giraffe.mp4 */; };
		3D4D7E3C290595E000AAF44B /* cheetah.mp4 in Resources */ = {isa = PBXBuildFile; fileRef = 3D4D7E32290595DF00AAF44B /* cheetah.mp4 */; };
		3D4D7E3D290595E000AAF44B /* elephant.mp4 in Resources */ = {isa = PBXBuildFile; fileRef = 3D4D7E33290595DF00AAF44B /* elephant.mp4 */; };
		3D4D7E3E290595E000AAF44B /* rhino.mp4 in Resources */ = {isa = PBXBuildFile; fileRef = 3D4D7E34290595DF00AAF44B /* rhino.mp4 */; };
		3D4D7E3F290595E000AAF44B /* lion.mp4 in Resources */ = {isa = PBXBuildFile; fileRef = 3D4D7E35290595DF00AAF44B /* lion.mp4 */; };
		3D4D7E40290595E000AAF44B /* gorilla.mp4 in Resources */ = {isa = PBXBuildFile; fileRef = 3D4D7E36290595E000AAF44B /* gorilla.mp4 */; };
		3D4D7E41290595E000AAF44B /* zebra.mp4 in Resources */ = {isa = PBXBuildFile; fileRef = 3D4D7E37290595E000AAF44B /* zebra.mp4 */; };
		3D4D7E472905962900AAF44B /* covers.json in Resources */ = {isa = PBXBuildFile; fileRef = 3D4D7E432905962900AAF44B /* covers.json */; };
		3D4D7E482905962900AAF44B /* animals.json in Resources */ = {isa = PBXBuildFile; fileRef = 3D4D7E442905962900AAF44B /* animals.json */; };
		3D4D7E492905962900AAF44B /* videos.json in Resources */ = {isa = PBXBuildFile; fileRef = 3D4D7E452905962900AAF44B /* videos.json */; };
		3D4D7E4A2905962900AAF44B /* locations.json in Resources */ = {isa = PBXBuildFile; fileRef = 3D4D7E462905962900AAF44B /* locations.json */; };
		3D4D7E4E2905988B00AAF44B /* VideoListView.swift in Sources */ = {isa = PBXBuildFile; fileRef = 3D4D7E4D2905988B00AAF44B /* VideoListView.swift */; };
		3D4D7E50290598AB00AAF44B /* MapView.swift in Sources */ = {isa = PBXBuildFile; fileRef = 3D4D7E4F290598AB00AAF44B /* MapView.swift */; };
		3D4D7E52290598C300AAF44B /* GalleryView.swift in Sources */ = {isa = PBXBuildFile; fileRef = 3D4D7E51290598C300AAF44B /* GalleryView.swift */; };
		3D4D7E54290598E200AAF44B /* MainView.swift in Sources */ = {isa = PBXBuildFile; fileRef = 3D4D7E53290598E200AAF44B /* MainView.swift */; };
		3D4D7E5729144AF300AAF44B /* CoverImageView.swift in Sources */ = {isa = PBXBuildFile; fileRef = 3D4D7E5629144AF300AAF44B /* CoverImageView.swift */; };
		3D4D7E5A29144E5200AAF44B /* CoverImageModel.swift in Sources */ = {isa = PBXBuildFile; fileRef = 3D4D7E5929144E5200AAF44B /* CoverImageModel.swift */; };
		3D4D7E5E2914504B00AAF44B /* CodableBundleExtension.swift in Sources */ = {isa = PBXBuildFile; fileRef = 3D4D7E5D2914504B00AAF44B /* CodableBundleExtension.swift */; };
		3D4D7E6029198C6100AAF44B /* AnimalListItemView.swift in Sources */ = {isa = PBXBuildFile; fileRef = 3D4D7E5F29198C6100AAF44B /* AnimalListItemView.swift */; };
		3D4D7E622919961B00AAF44B /* AnimalModel.swift in Sources */ = {isa = PBXBuildFile; fileRef = 3D4D7E612919961B00AAF44B /* AnimalModel.swift */; };
/* End PBXBuildFile section */

/* Begin PBXFileReference section */
		3D4D7E1C2905933E00AAF44B /* Africa.app */ = {isa = PBXFileReference; explicitFileType = wrapper.application; includeInIndex = 0; path = Africa.app; sourceTree = BUILT_PRODUCTS_DIR; };
		3D4D7E1F2905933E00AAF44B /* AfricaApp.swift */ = {isa = PBXFileReference; lastKnownFileType = sourcecode.swift; path = AfricaApp.swift; sourceTree = "<group>"; };
		3D4D7E212905933E00AAF44B /* ContentView.swift */ = {isa = PBXFileReference; lastKnownFileType = sourcecode.swift; path = ContentView.swift; sourceTree = "<group>"; };
		3D4D7E232905934000AAF44B /* Assets.xcassets */ = {isa = PBXFileReference; lastKnownFileType = folder.assetcatalog; path = Assets.xcassets; sourceTree = "<group>"; };
		3D4D7E262905934000AAF44B /* Preview Assets.xcassets */ = {isa = PBXFileReference; lastKnownFileType = folder.assetcatalog; path = "Preview Assets.xcassets"; sourceTree = "<group>"; };
		3D4D7E2E290595DE00AAF44B /* hippo.mp4 */ = {isa = PBXFileReference; lastKnownFileType = file; path = hippo.mp4; sourceTree = "<group>"; };
		3D4D7E2F290595DE00AAF44B /* ostrich.mp4 */ = {isa = PBXFileReference; lastKnownFileType = file; path = ostrich.mp4; sourceTree = "<group>"; };
		3D4D7E30290595DF00AAF44B /* lioness.mp4 */ = {isa = PBXFileReference; lastKnownFileType = file; path = lioness.mp4; sourceTree = "<group>"; };
		3D4D7E31290595DF00AAF44B /* giraffe.mp4 */ = {isa = PBXFileReference; lastKnownFileType = file; path = giraffe.mp4; sourceTree = "<group>"; };
		3D4D7E32290595DF00AAF44B /* cheetah.mp4 */ = {isa = PBXFileReference; lastKnownFileType = file; path = cheetah.mp4; sourceTree = "<group>"; };
		3D4D7E33290595DF00AAF44B /* elephant.mp4 */ = {isa = PBXFileReference; lastKnownFileType = file; path = elephant.mp4; sourceTree = "<group>"; };
		3D4D7E34290595DF00AAF44B /* rhino.mp4 */ = {isa = PBXFileReference; lastKnownFileType = file; path = rhino.mp4; sourceTree = "<group>"; };
		3D4D7E35290595DF00AAF44B /* lion.mp4 */ = {isa = PBXFileReference; lastKnownFileType = file; path = lion.mp4; sourceTree = "<group>"; };
		3D4D7E36290595E000AAF44B /* gorilla.mp4 */ = {isa = PBXFileReference; lastKnownFileType = file; path = gorilla.mp4; sourceTree = "<group>"; };
		3D4D7E37290595E000AAF44B /* zebra.mp4 */ = {isa = PBXFileReference; lastKnownFileType = file; path = zebra.mp4; sourceTree = "<group>"; };
		3D4D7E432905962900AAF44B /* covers.json */ = {isa = PBXFileReference; fileEncoding = 4; lastKnownFileType = text.json; path = covers.json; sourceTree = "<group>"; };
		3D4D7E442905962900AAF44B /* animals.json */ = {isa = PBXFileReference; fileEncoding = 4; lastKnownFileType = text.json; path = animals.json; sourceTree = "<group>"; };
		3D4D7E452905962900AAF44B /* videos.json */ = {isa = PBXFileReference; fileEncoding = 4; lastKnownFileType = text.json; path = videos.json; sourceTree = "<group>"; };
		3D4D7E462905962900AAF44B /* locations.json */ = {isa = PBXFileReference; fileEncoding = 4; lastKnownFileType = text.json; path = locations.json; sourceTree = "<group>"; };
		3D4D7E4B2905970B00AAF44B /* Info.plist */ = {isa = PBXFileReference; lastKnownFileType = text.plist; path = Info.plist; sourceTree = "<group>"; };
		3D4D7E4D2905988B00AAF44B /* VideoListView.swift */ = {isa = PBXFileReference; lastKnownFileType = sourcecode.swift; path = VideoListView.swift; sourceTree = "<group>"; };
		3D4D7E4F290598AB00AAF44B /* MapView.swift */ = {isa = PBXFileReference; lastKnownFileType = sourcecode.swift; path = MapView.swift; sourceTree = "<group>"; };
		3D4D7E51290598C300AAF44B /* GalleryView.swift */ = {isa = PBXFileReference; lastKnownFileType = sourcecode.swift; path = GalleryView.swift; sourceTree = "<group>"; };
		3D4D7E53290598E200AAF44B /* MainView.swift */ = {isa = PBXFileReference; lastKnownFileType = sourcecode.swift; path = MainView.swift; sourceTree = "<group>"; };
		3D4D7E5629144AF300AAF44B /* CoverImageView.swift */ = {isa = PBXFileReference; lastKnownFileType = sourcecode.swift; path = CoverImageView.swift; sourceTree = "<group>"; };
		3D4D7E5929144E5200AAF44B /* CoverImageModel.swift */ = {isa = PBXFileReference; lastKnownFileType = sourcecode.swift; path = CoverImageModel.swift; sourceTree = "<group>"; };
		3D4D7E5D2914504B00AAF44B /* CodableBundleExtension.swift */ = {isa = PBXFileReference; lastKnownFileType = sourcecode.swift; path = CodableBundleExtension.swift; sourceTree = "<group>"; };
		3D4D7E5F29198C6100AAF44B /* AnimalListItemView.swift */ = {isa = PBXFileReference; lastKnownFileType = sourcecode.swift; path = AnimalListItemView.swift; sourceTree = "<group>"; };
		3D4D7E612919961B00AAF44B /* AnimalModel.swift */ = {isa = PBXFileReference; lastKnownFileType = sourcecode.swift; path = AnimalModel.swift; sourceTree = "<group>"; };
/* End PBXFileReference section */

/* Begin PBXFrameworksBuildPhase section */
		3D4D7E192905933E00AAF44B /* Frameworks */ = {
			isa = PBXFrameworksBuildPhase;
			buildActionMask = 2147483647;
			files = (
			);
			runOnlyForDeploymentPostprocessing = 0;
		};
/* End PBXFrameworksBuildPhase section */

/* Begin PBXGroup section */
		3D4D7E132905933E00AAF44B = {
			isa = PBXGroup;
			children = (
				3D4D7E1E2905933E00AAF44B /* Africa */,
				3D4D7E1D2905933E00AAF44B /* Products */,
			);
			sourceTree = "<group>";
		};
		3D4D7E1D2905933E00AAF44B /* Products */ = {
			isa = PBXGroup;
			children = (
				3D4D7E1C2905933E00AAF44B /* Africa.app */,
			);
			name = Products;
			sourceTree = "<group>";
		};
		3D4D7E1E2905933E00AAF44B /* Africa */ = {
			isa = PBXGroup;
			children = (
				3D4D7E5C2914501800AAF44B /* Extension */,
				3D4D7E5829144E3A00AAF44B /* Model */,
				3D4D7E5529144ADD00AAF44B /* View */,
				3D4D7E4B2905970B00AAF44B /* Info.plist */,
				3D4D7E422905960700AAF44B /* Data */,
				3D4D7E2D290595B700AAF44B /* Video */,
				3D4D7E4C2905984400AAF44B /* App */,
				3D4D7E232905934000AAF44B /* Assets.xcassets */,
				3D4D7E252905934000AAF44B /* Preview Content */,
			);
			path = Africa;
			sourceTree = "<group>";
		};
		3D4D7E252905934000AAF44B /* Preview Content */ = {
			isa = PBXGroup;
			children = (
				3D4D7E262905934000AAF44B /* Preview Assets.xcassets */,
			);
			path = "Preview Content";
			sourceTree = "<group>";
		};
		3D4D7E2D290595B700AAF44B /* Video */ = {
			isa = PBXGroup;
			children = (
				3D4D7E32290595DF00AAF44B /* cheetah.mp4 */,
				3D4D7E33290595DF00AAF44B /* elephant.mp4 */,
				3D4D7E31290595DF00AAF44B /* giraffe.mp4 */,
				3D4D7E36290595E000AAF44B /* gorilla.mp4 */,
				3D4D7E2E290595DE00AAF44B /* hippo.mp4 */,
				3D4D7E35290595DF00AAF44B /* lion.mp4 */,
				3D4D7E30290595DF00AAF44B /* lioness.mp4 */,
				3D4D7E2F290595DE00AAF44B /* ostrich.mp4 */,
				3D4D7E34290595DF00AAF44B /* rhino.mp4 */,
				3D4D7E37290595E000AAF44B /* zebra.mp4 */,
			);
			path = Video;
			sourceTree = "<group>";
		};
		3D4D7E422905960700AAF44B /* Data */ = {
			isa = PBXGroup;
			children = (
				3D4D7E442905962900AAF44B /* animals.json */,
				3D4D7E432905962900AAF44B /* covers.json */,
				3D4D7E462905962900AAF44B /* locations.json */,
				3D4D7E452905962900AAF44B /* videos.json */,
			);
			path = Data;
			sourceTree = "<group>";
		};
		3D4D7E4C2905984400AAF44B /* App */ = {
			isa = PBXGroup;
			children = (
				3D4D7E1F2905933E00AAF44B /* AfricaApp.swift */,
				3D4D7E212905933E00AAF44B /* ContentView.swift */,
				3D4D7E4D2905988B00AAF44B /* VideoListView.swift */,
				3D4D7E4F290598AB00AAF44B /* MapView.swift */,
				3D4D7E51290598C300AAF44B /* GalleryView.swift */,
				3D4D7E53290598E200AAF44B /* MainView.swift */,
			);
			path = App;
			sourceTree = "<group>";
		};
		3D4D7E5529144ADD00AAF44B /* View */ = {
			isa = PBXGroup;
			children = (
				3D4D7E5629144AF300AAF44B /* CoverImageView.swift */,
				3D4D7E5F29198C6100AAF44B /* AnimalListItemView.swift */,
			);
			path = View;
			sourceTree = "<group>";
		};
		3D4D7E5829144E3A00AAF44B /* Model */ = {
			isa = PBXGroup;
			children = (
				3D4D7E5929144E5200AAF44B /* CoverImageModel.swift */,
				3D4D7E612919961B00AAF44B /* AnimalModel.swift */,
			);
			path = Model;
			sourceTree = "<group>";
		};
		3D4D7E5C2914501800AAF44B /* Extension */ = {
			isa = PBXGroup;
			children = (
				3D4D7E5D2914504B00AAF44B /* CodableBundleExtension.swift */,
			);
			path = Extension;
			sourceTree = "<group>";
		};
/* End PBXGroup section */

/* Begin PBXNativeTarget section */
		3D4D7E1B2905933E00AAF44B /* Africa */ = {
			isa = PBXNativeTarget;
			buildConfigurationList = 3D4D7E2A2905934000AAF44B /* Build configuration list for PBXNativeTarget "Africa" */;
			buildPhases = (
				3D4D7E182905933E00AAF44B /* Sources */,
				3D4D7E192905933E00AAF44B /* Frameworks */,
				3D4D7E1A2905933E00AAF44B /* Resources */,
			);
			buildRules = (
			);
			dependencies = (
			);
			name = Africa;
			productName = Africa;
			productReference = 3D4D7E1C2905933E00AAF44B /* Africa.app */;
			productType = "com.apple.product-type.application";
		};
/* End PBXNativeTarget section */

/* Begin PBXProject section */
		3D4D7E142905933E00AAF44B /* Project object */ = {
			isa = PBXProject;
			attributes = {
				BuildIndependentTargetsInParallel = 1;
				LastSwiftUpdateCheck = 1400;
				LastUpgradeCheck = 1400;
				TargetAttributes = {
					3D4D7E1B2905933E00AAF44B = {
						CreatedOnToolsVersion = 14.0.1;
					};
				};
			};
			buildConfigurationList = 3D4D7E172905933E00AAF44B /* Build configuration list for PBXProject "Africa" */;
			compatibilityVersion = "Xcode 14.0";
			developmentRegion = en;
			hasScannedForEncodings = 0;
			knownRegions = (
				en,
				Base,
			);
			mainGroup = 3D4D7E132905933E00AAF44B;
			productRefGroup = 3D4D7E1D2905933E00AAF44B /* Products */;
			projectDirPath = "";
			projectRoot = "";
			targets = (
				3D4D7E1B2905933E00AAF44B /* Africa */,
			);
		};
/* End PBXProject section */

/* Begin PBXResourcesBuildPhase section */
		3D4D7E1A2905933E00AAF44B /* Resources */ = {
			isa = PBXResourcesBuildPhase;
			buildActionMask = 2147483647;
			files = (
				3D4D7E472905962900AAF44B /* covers.json in Resources */,
				3D4D7E272905934000AAF44B /* Preview Assets.xcassets in Resources */,
				3D4D7E4A2905962900AAF44B /* locations.json in Resources */,
				3D4D7E492905962900AAF44B /* videos.json in Resources */,
				3D4D7E38290595E000AAF44B /* hippo.mp4 in Resources */,
				3D4D7E3B290595E000AAF44B /* giraffe.mp4 in Resources */,
				3D4D7E3F290595E000AAF44B /* lion.mp4 in Resources */,
				3D4D7E41290595E000AAF44B /* zebra.mp4 in Resources */,
				3D4D7E3E290595E000AAF44B /* rhino.mp4 in Resources */,
				3D4D7E482905962900AAF44B /* animals.json in Resources */,
				3D4D7E3A290595E000AAF44B /* lioness.mp4 in Resources */,
				3D4D7E3D290595E000AAF44B /* elephant.mp4 in Resources */,
				3D4D7E39290595E000AAF44B /* ostrich.mp4 in Resources */,
				3D4D7E242905934000AAF44B /* Assets.xcassets in Resources */,
				3D4D7E3C290595E000AAF44B /* cheetah.mp4 in Resources */,
				3D4D7E40290595E000AAF44B /* gorilla.mp4 in Resources */,
			);
			runOnlyForDeploymentPostprocessing = 0;
		};
/* End PBXResourcesBuildPhase section */

/* Begin PBXSourcesBuildPhase section */
		3D4D7E182905933E00AAF44B /* Sources */ = {
			isa = PBXSourcesBuildPhase;
			buildActionMask = 2147483647;
			files = (
				3D4D7E222905933E00AAF44B /* ContentView.swift in Sources */,
				3D4D7E6029198C6100AAF44B /* AnimalListItemView.swift in Sources */,
				3D4D7E54290598E200AAF44B /* MainView.swift in Sources */,
				3D4D7E5729144AF300AAF44B /* CoverImageView.swift in Sources */,
				3D4D7E5A29144E5200AAF44B /* CoverImageModel.swift in Sources */,
				3D4D7E622919961B00AAF44B /* AnimalModel.swift in Sources */,
				3D4D7E50290598AB00AAF44B /* MapView.swift in Sources */,
				3D4D7E202905933E00AAF44B /* AfricaApp.swift in Sources */,
				3D4D7E4E2905988B00AAF44B /* VideoListView.swift in Sources */,
				3D4D7E52290598C300AAF44B /* GalleryView.swift in Sources */,
				3D4D7E5E2914504B00AAF44B /* CodableBundleExtension.swift in Sources */,
			);
			runOnlyForDeploymentPostprocessing = 0;
		};
/* End PBXSourcesBuildPhase section */

/* Begin XCBuildConfiguration section */
		3D4D7E282905934000AAF44B /* Debug */ = {
			isa = XCBuildConfiguration;
			buildSettings = {
				ALWAYS_SEARCH_USER_PATHS = NO;
				CLANG_ANALYZER_NONNULL = YES;
				CLANG_ANALYZER_NUMBER_OBJECT_CONVERSION = YES_AGGRESSIVE;
				CLANG_CXX_LANGUAGE_STANDARD = "gnu++20";
				CLANG_ENABLE_MODULES = YES;
				CLANG_ENABLE_OBJC_ARC = YES;
				CLANG_ENABLE_OBJC_WEAK = YES;
				CLANG_WARN_BLOCK_CAPTURE_AUTORELEASING = YES;
				CLANG_WARN_BOOL_CONVERSION = YES;
				CLANG_WARN_COMMA = YES;
				CLANG_WARN_CONSTANT_CONVERSION = YES;
				CLANG_WARN_DEPRECATED_OBJC_IMPLEMENTATIONS = YES;
				CLANG_WARN_DIRECT_OBJC_ISA_USAGE = YES_ERROR;
				CLANG_WARN_DOCUMENTATION_COMMENTS = YES;
				CLANG_WARN_EMPTY_BODY = YES;
				CLANG_WARN_ENUM_CONVERSION = YES;
				CLANG_WARN_INFINITE_RECURSION = YES;
				CLANG_WARN_INT_CONVERSION = YES;
				CLANG_WARN_NON_LITERAL_NULL_CONVERSION = YES;
				CLANG_WARN_OBJC_IMPLICIT_RETAIN_SELF = YES;
				CLANG_WARN_OBJC_LITERAL_CONVERSION = YES;
				CLANG_WARN_OBJC_ROOT_CLASS = YES_ERROR;
				CLANG_WARN_QUOTED_INCLUDE_IN_FRAMEWORK_HEADER = YES;
				CLANG_WARN_RANGE_LOOP_ANALYSIS = YES;
				CLANG_WARN_STRICT_PROTOTYPES = YES;
				CLANG_WARN_SUSPICIOUS_MOVE = YES;
				CLANG_WARN_UNGUARDED_AVAILABILITY = YES_AGGRESSIVE;
				CLANG_WARN_UNREACHABLE_CODE = YES;
				CLANG_WARN__DUPLICATE_METHOD_MATCH = YES;
				COPY_PHASE_STRIP = NO;
				DEBUG_INFORMATION_FORMAT = dwarf;
				ENABLE_STRICT_OBJC_MSGSEND = YES;
				ENABLE_TESTABILITY = YES;
				GCC_C_LANGUAGE_STANDARD = gnu11;
				GCC_DYNAMIC_NO_PIC = NO;
				GCC_NO_COMMON_BLOCKS = YES;
				GCC_OPTIMIZATION_LEVEL = 0;
				GCC_PREPROCESSOR_DEFINITIONS = (
					"DEBUG=1",
					"$(inherited)",
				);
				GCC_WARN_64_TO_32_BIT_CONVERSION = YES;
				GCC_WARN_ABOUT_RETURN_TYPE = YES_ERROR;
				GCC_WARN_UNDECLARED_SELECTOR = YES;
				GCC_WARN_UNINITIALIZED_AUTOS = YES_AGGRESSIVE;
				GCC_WARN_UNUSED_FUNCTION = YES;
				GCC_WARN_UNUSED_VARIABLE = YES;
				IPHONEOS_DEPLOYMENT_TARGET = 16.0;
				MTL_ENABLE_DEBUG_INFO = INCLUDE_SOURCE;
				MTL_FAST_MATH = YES;
				ONLY_ACTIVE_ARCH = YES;
				SDKROOT = iphoneos;
				SWIFT_ACTIVE_COMPILATION_CONDITIONS = DEBUG;
				SWIFT_OPTIMIZATION_LEVEL = "-Onone";
			};
			name = Debug;
		};
		3D4D7E292905934000AAF44B /* Release */ = {
			isa = XCBuildConfiguration;
			buildSettings = {
				ALWAYS_SEARCH_USER_PATHS = NO;
				CLANG_ANALYZER_NONNULL = YES;
				CLANG_ANALYZER_NUMBER_OBJECT_CONVERSION = YES_AGGRESSIVE;
				CLANG_CXX_LANGUAGE_STANDARD = "gnu++20";
				CLANG_ENABLE_MODULES = YES;
				CLANG_ENABLE_OBJC_ARC = YES;
				CLANG_ENABLE_OBJC_WEAK = YES;
				CLANG_WARN_BLOCK_CAPTURE_AUTORELEASING = YES;
				CLANG_WARN_BOOL_CONVERSION = YES;
				CLANG_WARN_COMMA = YES;
				CLANG_WARN_CONSTANT_CONVERSION = YES;
				CLANG_WARN_DEPRECATED_OBJC_IMPLEMENTATIONS = YES;
				CLANG_WARN_DIRECT_OBJC_ISA_USAGE = YES_ERROR;
				CLANG_WARN_DOCUMENTATION_COMMENTS = YES;
				CLANG_WARN_EMPTY_BODY = YES;
				CLANG_WARN_ENUM_CONVERSION = YES;
				CLANG_WARN_INFINITE_RECURSION = YES;
				CLANG_WARN_INT_CONVERSION = YES;
				CLANG_WARN_NON_LITERAL_NULL_CONVERSION = YES;
				CLANG_WARN_OBJC_IMPLICIT_RETAIN_SELF = YES;
				CLANG_WARN_OBJC_LITERAL_CONVERSION = YES;
				CLANG_WARN_OBJC_ROOT_CLASS = YES_ERROR;
				CLANG_WARN_QUOTED_INCLUDE_IN_FRAMEWORK_HEADER = YES;
				CLANG_WARN_RANGE_LOOP_ANALYSIS = YES;
				CLANG_WARN_STRICT_PROTOTYPES = YES;
				CLANG_WARN_SUSPICIOUS_MOVE = YES;
				CLANG_WARN_UNGUARDED_AVAILABILITY = YES_AGGRESSIVE;
				CLANG_WARN_UNREACHABLE_CODE = YES;
				CLANG_WARN__DUPLICATE_METHOD_MATCH = YES;
				COPY_PHASE_STRIP = NO;
				DEBUG_INFORMATION_FORMAT = "dwarf-with-dsym";
				ENABLE_NS_ASSERTIONS = NO;
				ENABLE_STRICT_OBJC_MSGSEND = YES;
				GCC_C_LANGUAGE_STANDARD = gnu11;
				GCC_NO_COMMON_BLOCKS = YES;
				GCC_WARN_64_TO_32_BIT_CONVERSION = YES;
				GCC_WARN_ABOUT_RETURN_TYPE = YES_ERROR;
				GCC_WARN_UNDECLARED_SELECTOR = YES;
				GCC_WARN_UNINITIALIZED_AUTOS = YES_AGGRESSIVE;
				GCC_WARN_UNUSED_FUNCTION = YES;
				GCC_WARN_UNUSED_VARIABLE = YES;
				IPHONEOS_DEPLOYMENT_TARGET = 16.0;
				MTL_ENABLE_DEBUG_INFO = NO;
				MTL_FAST_MATH = YES;
				SDKROOT = iphoneos;
				SWIFT_COMPILATION_MODE = wholemodule;
				SWIFT_OPTIMIZATION_LEVEL = "-O";
				VALIDATE_PRODUCT = YES;
			};
			name = Release;
		};
		3D4D7E2B2905934000AAF44B /* Debug */ = {
			isa = XCBuildConfiguration;
			buildSettings = {
				ASSETCATALOG_COMPILER_APPICON_NAME = AppIcon;
				ASSETCATALOG_COMPILER_GLOBAL_ACCENT_COLOR_NAME = AccentColor;
				CODE_SIGN_STYLE = Automatic;
				CURRENT_PROJECT_VERSION = 1;
				DEVELOPMENT_ASSET_PATHS = "\"Africa/Preview Content\"";
				DEVELOPMENT_TEAM = 5SKVZRCRN5;
				ENABLE_PREVIEWS = YES;
				GENERATE_INFOPLIST_FILE = YES;
				INFOPLIST_FILE = Africa/Info.plist;
				INFOPLIST_KEY_UIApplicationSceneManifest_Generation = YES;
				INFOPLIST_KEY_UIApplicationSupportsIndirectInputEvents = YES;
				INFOPLIST_KEY_UISupportedInterfaceOrientations_iPad = "UIInterfaceOrientationPortrait UIInterfaceOrientationPortraitUpsideDown UIInterfaceOrientationLandscapeLeft UIInterfaceOrientationLandscapeRight";
				INFOPLIST_KEY_UISupportedInterfaceOrientations_iPhone = "UIInterfaceOrientationPortrait UIInterfaceOrientationLandscapeLeft UIInterfaceOrientationLandscapeRight";
				INFOPLIST_KEY_UIUserInterfaceStyle = Dark;
				LD_RUNPATH_SEARCH_PATHS = (
					"$(inherited)",
					"@executable_path/Frameworks",
				);
				MARKETING_VERSION = 1.0;
				PRODUCT_BUNDLE_IDENTIFIER = com.enbcreative.Africa;
				PRODUCT_NAME = "$(TARGET_NAME)";
				SWIFT_EMIT_LOC_STRINGS = YES;
				SWIFT_VERSION = 5.0;
				TARGETED_DEVICE_FAMILY = "1,2";
			};
			name = Debug;
		};
		3D4D7E2C2905934000AAF44B /* Release */ = {
			isa = XCBuildConfiguration;
			buildSettings = {
				ASSETCATALOG_COMPILER_APPICON_NAME = AppIcon;
				ASSETCATALOG_COMPILER_GLOBAL_ACCENT_COLOR_NAME = AccentColor;
				CODE_SIGN_STYLE = Automatic;
				CURRENT_PROJECT_VERSION = 1;
				DEVELOPMENT_ASSET_PATHS = "\"Africa/Preview Content\"";
				DEVELOPMENT_TEAM = 5SKVZRCRN5;
				ENABLE_PREVIEWS = YES;
				GENERATE_INFOPLIST_FILE = YES;
				INFOPLIST_FILE = Africa/Info.plist;
				INFOPLIST_KEY_UIApplicationSceneManifest_Generation = YES;
				INFOPLIST_KEY_UIApplicationSupportsIndirectInputEvents = YES;
				INFOPLIST_KEY_UISupportedInterfaceOrientations_iPad = "UIInterfaceOrientationPortrait UIInterfaceOrientationPortraitUpsideDown UIInterfaceOrientationLandscapeLeft UIInterfaceOrientationLandscapeRight";
				INFOPLIST_KEY_UISupportedInterfaceOrientations_iPhone = "UIInterfaceOrientationPortrait UIInterfaceOrientationLandscapeLeft UIInterfaceOrientationLandscapeRight";
				INFOPLIST_KEY_UIUserInterfaceStyle = Dark;
				LD_RUNPATH_SEARCH_PATHS = (
					"$(inherited)",
					"@executable_path/Frameworks",
				);
				MARKETING_VERSION = 1.0;
				PRODUCT_BUNDLE_IDENTIFIER = com.enbcreative.Africa;
				PRODUCT_NAME = "$(TARGET_NAME)";
				SWIFT_EMIT_LOC_STRINGS = YES;
				SWIFT_VERSION = 5.0;
				TARGETED_DEVICE_FAMILY = "1,2";
			};
			name = Release;
		};
/* End XCBuildConfiguration section */

/* Begin XCConfigurationList section */
		3D4D7E172905933E00AAF44B /* Build configuration list for PBXProject "Africa" */ = {
			isa = XCConfigurationList;
			buildConfigurations = (
				3D4D7E282905934000AAF44B /* Debug */,
				3D4D7E292905934000AAF44B /* Release */,
			);
			defaultConfigurationIsVisible = 0;
			defaultConfigurationName = Release;
		};
		3D4D7E2A2905934000AAF44B /* Build configuration list for PBXNativeTarget "Africa" */ = {
			isa = XCConfigurationList;
			buildConfigurations = (
				3D4D7E2B2905934000AAF44B /* Debug */,
				3D4D7E2C2905934000AAF44B /* Release */,
			);
			defaultConfigurationIsVisible = 0;
			defaultConfigurationName = Release;
		};
/* End XCConfigurationList section */
	};
	rootObject = 3D4D7E142905933E00AAF44B /* Project object */;
}
